
Microsoft Visual Studio Solution File, Format Version 12.00
# Visual Studio 2013
VisualStudioVersion = 12.0.21005.1
MinimumVisualStudioVersion = 10.0.40219.1
Project("{8BC9CEB8-8B4A-11D0-8D11-00A0C91BC942}") = "Day1", "Day1\Day1.vcxproj", "{12B79260-DB33-4349-8047-3E55CDC9F2A1}"
EndProject
Project("{8BC9CEB8-8B4A-11D0-8D11-00A0C91BC942}") = "LostFortune", "LostFortune\LostFortune.vcxproj", "{77A58307-6F51-4CF8-A3BE-594481217B5E}"
EndProject
Global
	GlobalSection(SolutionConfigurationPlatforms) = preSolution
		Debug|Win32 = Debug|Win32
		Release|Win32 = Release|Win32
	EndGlobalSection
	GlobalSection(ProjectConfigurationPlatforms) = postSolution
		{12B79260-DB33-4349-8047-3E55CDC9F2A1}.Debug|Win32.ActiveCfg = Debug|Win32
		{12B79260-DB33-4349-8047-3E55CDC9F2A1}.Debug|Win32.Build.0 = Debug|Win32
		{12B79260-DB33-4349-8047-3E55CDC9F2A1}.Release|Win32.ActiveCfg = Release|Win32
		{12B79260-DB33-4349-8047-3E55CDC9F2A1}.Release|Win32.Build.0 = Release|Win32
		{77A58307-6F51-4CF8-A3BE-594481217B5E}.Debug|Win32.ActiveCfg = Debug|Win32
		{77A58307-6F51-4CF8-A3BE-594481217B5E}.Debug|Win32.Build.0 = Debug|Win32
		{77A58307-6F51-4CF8-A3BE-594481217B5E}.Release|Win32.ActiveCfg = Release|Win32
		{77A58307-6F51-4CF8-A3BE-594481217B5E}.Release|Win32.Build.0 = Release|Win32
	EndGlobalSection
	GlobalSection(SolutionProperties) = preSolution
		HideSolutionNode = FALSE
	EndGlobalSection
EndGlobal
