
Microsoft Visual Studio Solution File, Format Version 12.00
# Visual Studio 2013
VisualStudioVersion = 12.0.21005.1
MinimumVisualStudioVersion = 10.0.40219.1
Project("{8BC9CEB8-8B4A-11D0-8D11-00A0C91BC942}") = "Composition", "Composition\Composition.vcxproj", "{FC729696-3009-4C83-83C9-23A324C1EBBC}"
EndProject
Project("{8BC9CEB8-8B4A-11D0-8D11-00A0C91BC942}") = "Simplecombat", "Simplecombat\Simplecombat.vcxproj", "{B09C08AB-2682-43C2-A283-AC67AEDA646E}"
EndProject
Global
	GlobalSection(SolutionConfigurationPlatforms) = preSolution
		Debug|Win32 = Debug|Win32
		Release|Win32 = Release|Win32
	EndGlobalSection
	GlobalSection(ProjectConfigurationPlatforms) = postSolution
		{FC729696-3009-4C83-83C9-23A324C1EBBC}.Debug|Win32.ActiveCfg = Debug|Win32
		{FC729696-3009-4C83-83C9-23A324C1EBBC}.Debug|Win32.Build.0 = Debug|Win32
		{FC729696-3009-4C83-83C9-23A324C1EBBC}.Release|Win32.ActiveCfg = Release|Win32
		{FC729696-3009-4C83-83C9-23A324C1EBBC}.Release|Win32.Build.0 = Release|Win32
		{B09C08AB-2682-43C2-A283-AC67AEDA646E}.Debug|Win32.ActiveCfg = Debug|Win32
		{B09C08AB-2682-43C2-A283-AC67AEDA646E}.Debug|Win32.Build.0 = Debug|Win32
		{B09C08AB-2682-43C2-A283-AC67AEDA646E}.Release|Win32.ActiveCfg = Release|Win32
		{B09C08AB-2682-43C2-A283-AC67AEDA646E}.Release|Win32.Build.0 = Release|Win32
	EndGlobalSection
	GlobalSection(SolutionProperties) = preSolution
		HideSolutionNode = FALSE
	EndGlobalSection
EndGlobal
